{
  "files": {
    ".conventionalcommits.json": {
      "sha256": "ac1ba68ad3d1e1cc5863378e67d61d911e82316163bc59a56de08d4ade3a99cb"
    },
    ".github/copilot-instructions.md": {
      "sha256": "87181442e026b8d83f5acbbb92ee14e419013d0c91427de2b8b9350c4dcfe7ba"
    },
    ".github/dev-tool-pin-lock.json": {
      "sha256": "ec73d4350dc8e786efeacea313382227194c602b457b469eb13bd359a618e1f0"
    },
    ".github/instructions/scripts.instructions.md": {
      "sha256": "089ac2c5c19606a531595ad6af538b0d76a96b7e74ea62c3a88b33a6d41734fe"
    },
    ".github/instructions/workflows.instructions.md": {
      "sha256": "29652f002535ebc97e1b9f5acc14f61b97f808dbaef327402b8778cce45407a9"
    },
    ".github/workflow-action-lock.json": {
      "sha256": "b2dc20fdedd10bc31f2d975736a84ba7b41e90e892d5328a967813e3310b2b44"
    },
    ".github/workflows/auto-merge-release.yml": {
      "sha256": "fb03b23748f1d9b555ad01c76a64ef151401a8ef501e764cc136d04203f94834"
    },
    ".github/workflows/cleanup-deleted-branch-artifacts.yml": {
      "sha256": "098f96d4f0e8b5e670c0c41631c2bb7008a31ff2c325111d79fee1fc324e253c"
    },
    ".github/workflows/cleanup-orphaned-artifacts.yml": {
      "sha256": "244e91267d15a1acc8dffc2effb0d3e3823c35aed804acf33c20603f6b7b0a66"
    },
    ".github/workflows/commitlint.yml": {
      "sha256": "4e1fcb8a16c75602ba0abf17a6a19a505ea3adc050bf711b638277f2c0b9fdaa"
    },
    ".github/workflows/release-please.yml": {
      "sha256": "9dfb7ed30cace1765a80c7b310f968a61abcba6ae19788b266fad531da3bd93f"
    },
    ".github/workflows/verify-environment.yml": {
      "sha256": "1522833e27e205e0fbc917db747a6fc261fe05da96992ce2a955e00e3ad20a90"
    },
    ".markdownlint.yaml": {
      "sha256": "afc88cf56f3f6b1b2c9b2fc7af77748ba8fc729ea18ba85757935f16f7f7a85a"
    },
    ".pre-commit-config.yaml": {
      "sha256": "fcf2e0fee508f12ebef0b52739dc13eabc192346bccf438a83b87acb3ed21678"
    },
    ".release-please-config.json": {
      "sha256": "685f55f5dc1993f49ea4b68d8b35ddda207def419bd980d3b0f549ec77cc887e"
    },
    "AGENTS.md": {
      "sha256": "0419f7a6894b3c6c4d4352d64e1af2152d69791db57351ddccf6d1e9decf4565"
    },
    "CLAUDE.md": {
      "sha256": "6a676ef88e9f075ae313d16e15d68d3359e958418535974399008654a1666548"
    },
    "CODING_STANDARDS.md": {
      "sha256": "a119ba8ab7e5440b248716040e80b22aa90e296a24b6bbbfc3a2ff24556cf51d"
    },
    "CONTRIBUTING.md": {
      "sha256": "f5e0e73f7ebb447cbdeacc5041742399f45f74492f4c4da3625e7dd6b490e6de"
    },
    "DOCKER.md": {
      "sha256": "01a8435cf330f4446c4674c47c3936146350b218cd6b136b58d025694336ace3"
    },
    "Dockerfile": {
      "sha256": "05e4b1f86730a62487b37bcf35f05d1fc089df84959b55e2a5d5c1dba28383b5"
    },
    "FILE_DISTRIBUTION.md": {
      "sha256": "49f943ad265a2f742674a9dd121bd1b33d2157da8f0271aefb4a6a7353f15c23"
    },
    "MANIFESTO.md": {
      "sha256": "90441f19e84cb77a9f4302d50dd3e9178011f8d1e2e20df43775838711589783"
    },
    "Makefile": {
      "sha256": "41cc93c2a41adece1a7908e9402b20e8b4737af17c3367debabf16fa9a651dd3"
    },
    "commitlint.config.mjs": {
      "sha256": "ae0ebfa1b37453c8e29eff7c5af0b8eec5dc73f373298288cf7d79692b76daea"
    },
    "docker-compose.yml": {
      "sha256": "06b9128e6e127dae340dd09cfb0a26b53f64560b1fa558f137ca5c968e8b9489"
    },
    "docs/REFERENCE/AUDIT_COMPLETE.md": {
      "sha256": "0279c1a94c179a7c63323423710c06f56039e56b8287b96fc393716c4cec1801"
    },
    "docs/REFERENCE/BRANCH_PROTECTION.md": {
      "sha256": "eb36ba2acaca9683105a83f07e2bfc94cfc441d320d18a379216cb3acec76321"
    },
    "docs/REFERENCE/BRANCH_PROTECTION_SETUP.md": {
      "sha256": "d61e5a6ccb682a882ab34bde5fdfd3efec753151132cdc5db29a5c820db850c3"
    },
    "docs/REFERENCE/CHANGELOG.md": {
      "sha256": "d884b6a9df81c2aad86e9b16efe1bea6c8c2563b50d55c078592e0763be391aa"
    },
    "docs/REFERENCE/CODE_REVIEW_CHECKLIST.md": {
      "sha256": "1dfa3f2b5a20998573deeba03aa271d251f235002735077fd55d583dbab86ebe"
    },
    "docs/REFERENCE/CONSUMER_CONTRACT.md": {
      "sha256": "c7c7bdd34ce617d4927f3417985b719c39f063874f999b660f7d98a2afdc3f2c"
    },
    "docs/REFERENCE/COPILOT-INSTRUCTIONS.md": {
      "sha256": "93cbfff93738cf79c0a4e6ab2cfc28d63e22f37c5b4f6229f2db16cfe5e17e42"
    },
    "docs/REFERENCE/DYNAMIC_WORKFLOWS.md": {
      "sha256": "f8b0c358fc6b13d081b1bee00a1505627ced0244a63d9a53d60cb848aa939b63"
    },
    "docs/REFERENCE/FIX_GITHUB_ACTIONS_PR_PERMISSION.md": {
      "sha256": "f52dccce266fd87a84cc288fb84a100534fe96b4a0d228c16013685b0be2a3c9"
    },
    "docs/REFERENCE/GITHUB_ISSUES_GUIDE.md": {
      "sha256": "69b974f2b586d4860bc4b6e162dc3063c0027a0dc1c34f9aba20921c00fdd0f7"
    },
    "docs/REFERENCE/PERFORMANCE.md": {
      "sha256": "a086b02436ac716afbbbd1b1986110aea3e7228d92ef9341cca9fac1051e2342"
    },
    "docs/REFERENCE/PRE_COMMIT_HOOKS.md": {
      "sha256": "0a8526380e5d964cfe910b549b0576c8a07e97372c36d4efdb0f6224d6aae0c1"
    },
    "docs/REFERENCE/PROJECT_STATUS.md": {
      "sha256": "d7ccc399fb07490f08b2576f619b6b27d1c578f3823de1d275466d2cd106f3bf"
    },
    "docs/REFERENCE/PYPROJECT_ARCHITECTURE.md": {
      "sha256": "b76da5f5e0eca546fb583d75118b1f43fe07344a589a3cef62b1affe7707cb00"
    },
    "docs/REFERENCE/SECURITY_FIX_ACT_INSTALL.md": {
      "sha256": "8029a1fff5d3083aa811ef04b69b06fa1aaebee7c38a0061070d072a25c97dc7"
    },
    "docs/REFERENCE/SESSION_HANDOFF_CHEATSHEET.md": {
      "sha256": "4b44c0fe9515e644a7b50a38e108d78169c3d3cd53c52fa752d15e33b6e62217"
    },
    "docs/REFERENCE/SESSION_HANDOFF_GUIDE.md": {
      "sha256": "269c9e190f6010105b8b0eff71f371ddcdf9c1fb14f059704a6681f4101174f7"
    },
    "docs/REFERENCE/SUPPLY_CHAIN_SECURITY.md": {
      "sha256": "e174c08c3b6107518a9395a54ecd3cefabcaed22663ef7087870a5472118f271"
    },
    "docs/REFERENCE/SYNC_MANIFEST.md": {
      "sha256": "0a1969a19e3fc45789931e858c4072b527ea2f54369bde90b090c6927613151b"
    },
    "docs/REFERENCE/WORKFLOW_AUTOMATION_PLAN.md": {
      "sha256": "a8776fb498dacca4552077ae3489ca3fceee2c225e6d3b36f92d5e104fff9b60"
    },
    "docs/REFERENCE/WORKFLOW_SETUP_READY.md": {
      "sha256": "0d911660321069e43eece59d144b4ce298f5a2b623359c72ad14f850f1d23a07"
    },
    "docs/REFERENCE/WORK_LOG.md": {
      "sha256": "278c7f1aa0d71204537481f9412e05ea290c60a626cc11dbc17c3de1e8038201"
    },
    "docs/REFERENCE/YML_AUDIT_DYNAMIC.md": {
      "sha256": "a459458200158b5eb03efa1dfdee32b17d749eee16586495dc26a3d8aa2ca4a6"
    },
    "docs/REFERENCE/adr/0001-local-tooling-runtime-policy.md": {
      "sha256": "3c71cde6b47a7a40acff78621f61a2f641708f75129327b3a31f389c24d7d95b"
    },
    "docs/SETUP/COPILOT_SETUP.md": {
      "sha256": "baaf31317f763c3ea9fa58f62f58c9165af71822ba6058cf4dbbd19a01bd28b6"
    },
    "docs/SETUP/DOCKER_WSL_SETUP.md": {
      "sha256": "2347c7812084881dfcc34cb46377861b799ec6809dfadd39d31c8750b32e3b01"
    },
    "docs/SETUP/GITHUB_CLI_AUTH.md": {
      "sha256": "aaaacc25ebda0898a6e8b9678acccc0934001000929c8121ef4f3441b50c9b46"
    },
    "docs/SETUP/GITHUB_ISSUES_SETUP.md": {
      "sha256": "3b935e7da2ddff7691a6906c11e61338a662377c1ec79901e830950c31c01883"
    },
    "docs/SETUP/GIT_STAGING_GUIDE.md": {
      "sha256": "b083900c77a7f2081785b447996cf3f4424186a6089ac8833c84ef7eb6ff8859"
    },
    "docs/SETUP/NEW_PROJECT.md": {
      "sha256": "f34e34e36715e5b334edd8918ed596577536ea474217bbc4bc0c4c438b4e33e2"
    },
    "requirements-dev.txt": {
      "sha256": "6e69da3cb5facbacea56ee987d749f71d2a983b38c7a1552488cf80556af0748"
    },
    "scripts/__init__.py": {
      "sha256": "e3b0c44298fc1c149afbf4c8996fb92427ae41e4649b934ca495991b7852b855"
    },
    "scripts/create_branch.sh": {
      "sha256": "15df3a6e7c5bca400c1f8eb6b2b7ddfc5de2bbbfef5df99bb16efa91c02a440f"
    },
    "scripts/create_env.sh": {
      "sha256": "1131c9f6faabc240fdb3c740329654cc3d678351d9e74a24e90680f1f03ab3b7"
    },
    "scripts/create_github_issues.py": {
      "sha256": "a97b0baf52eac190335bcbe47edde1b9ee47d16cd34965455fc72754860e0947"
    },
    "scripts/create_pr_epic.sh": {
      "sha256": "7fe88f8cdddf40bd1957c7735d16e71d364a27df9857f1a09fed4f12d19350ae"
    },
    "scripts/create_sync_hardening_issues.py": {
      "sha256": "a214a35207d46882354f5ee23cc5f6945ca78c64f4cd671e4958f080994a7d12"
    },
    "scripts/create_workflow_automation_issues.py": {
      "sha256": "e20eae3f5cb3ed350e66ecb80c2e5690bb42ad8ceda1efcba24d497f4dfb045b"
    },
    "scripts/docker_build.sh": {
      "sha256": "eb2bea35f28fa4090a9bf88d6ceabeaaa7c60ab9961cab05f556df149d66ff0c"
    },
    "scripts/install_act.sh": {
      "sha256": "40608801ce6e289f98fe65b2714fc74be86c7296996b3ba580367d030ab6c4c9"
    },
    "scripts/load_build_env.sh": {
      "sha256": "6058460a28495a44a34bfefdb66ca973bb1b611131dff00f4efaa662c7efc602"
    },
    "scripts/merge_pyproject.py": {
      "sha256": "a6e789f2726846d7eccd6b30d4ca1304268fcc180c4df558fc1117d4d68beb8d"
    },
    "scripts/pr_review_helper.py": {
      "sha256": "27a02125de071f7fd002075f953b69a7ec4db8bf10ae9a1959f7c46b2a75d47c"
    },
    "scripts/prepare_playwright_layer.py": {
      "sha256": "ce58829ecc654424722671fc220221f75708f270bc680ac2cf077da8f4076efa"
    },
    "scripts/run_commitlint.sh": {
      "sha256": "a25904e3072f97096545c6c1b0456ab442928f7878d15a1ccf6b459e04fbc338"
    },
    "scripts/run_pytest_selective.py": {
      "sha256": "7ebfc9df8e13c9346ac48eb4a9d890b86335912f8b810a9382e5744a0652f3b5"
    },
    "scripts/setup_github_labels.py": {
      "sha256": "3a4c02ed07f562a0756007ef1f26aa1a7902494bfa5917793398be63c509a7d0"
    },
    "scripts/update_sync_script.sh": {
      "sha256": "032ac2ba3e7e47ca3c9bb745d11a00f764ff689f153a90ab97833f12aa02c23d"
    },
    "scripts/validate_activation_commands.py": {
      "sha256": "be7e2ad0678d3821a38eb45b2b83c45652777632f556914632d27266b4b786ff"
    },
    "scripts/validate_agents_drift.py": {
      "sha256": "a499614c03abaac8cdd57a686874f1f03febd045c6361a20e6b127764d118be0"
    },
    "scripts/validate_commit_subject.sh": {
      "sha256": "d112fc2b0fbf93f3ba313625814dc0775d11fa07732f5591bb6c4c8ee224d147"
    },
    "scripts/validate_dev_tool_pins.py": {
      "sha256": "6a9786e7ef9ea73d1c9400eca6c27611fee2b1da14a581ea8599f7b5d0f8a78c"
    },
    "scripts/validate_env_file.py": {
      "sha256": "260c26e23e92f7ddd5983a1ec4916374a8a63612fe6f1f5df5d2ebcb4b9500d1"
    },
    "scripts/validate_sync_drift.py": {
      "sha256": "31a800374b8baa45a923f519a3b5fe56a6901286e181229a5894c4ebe1550d90"
    },
    "scripts/validate_version_sync.py": {
      "sha256": "567d9342b86591234a59bbdfc7397f9a11d0e2c02b38c2e3a04de14f83b9c9b0"
    },
    "scripts/validate_workflow_action_pins.py": {
      "sha256": "d694fd30505844fc9664bc88206e014eb02979ba0518e0815daece96067738f2"
    },
    "scripts/verify_env.sh": {
      "sha256": "fa448cb402c6de47fef5aa2e28e68b4d05caea878e7513cfb31243206a7d1b9f"
    },
    "tests/scripts/test_consumer_contract.py": {
      "sha256": "fd655eb71fd557432e6de4ff556a92a373f4256df0d91d0469a129762ce1c5ed"
    },
    "tests/workflows/test_action_runtime_compatibility.py": {
      "sha256": "eac4b80328394dacc977662feaf2f59062fde36d33d5ab7976ffd9be407413f0"
    },
    "tests/workflows/test_release_please.py": {
      "sha256": "428d00d9550fcd46deea5255bcce2ef96f23131ba58d0be5f148a476a0ce19d9"
    }
  },
  "generated_at_utc": "2026-05-09T23:37:17Z",
  "requested_ref": "v1.28.3",
  "resolved_ref": "cc825a06c6784debb661695c4cb8c89eb64b14e3",
  "schema_version": 1,
  "source_mode": "git",
  "tooling_repo": "https://github.com/jsmithpkp21/tooling"
}
